{
  "originHash" : "f2004262b7feb845a4beff0add038ad60cc8a331e4eb89754956dab6b8807d30",
  "pins" : [
    {
      "identity" : "swiftlintplugins",
      "kind" : "remoteSourceControl",
      "location" : "https://github.com/SimplyDanny/SwiftLintPlugins",
      "state" : {
        "revision" : "ef7d692fc6706e8f5628e26bcafaefa445c58a97",
        "version" : "0.65.1"
      }
    }
  ],
  "version" : 3
}
